
Microsoft Visual Studio Solution File, Format Version 12.00
# Visual Studio Version 17
VisualStudioVersion = 17.14.36414.22 d17.14
MinimumVisualStudioVersion = 10.0.40219.1
Project("{FAE04EC0-301F-11D3-BF4B-00C04F79EFBC}") = "SistemaArchivosJerarquico", "SistemaArchivosJerarquico\SistemaArchivosJerarquico.csproj", "{B73D348A-CA58-49ED-A489-6441796BD4ED}"
EndProject
Global
	GlobalSection(SolutionConfigurationPlatforms) = preSolution
		Debug|Any CPU = Debug|Any CPU
		Release|Any CPU = Release|Any CPU
	EndGlobalSection
	GlobalSection(ProjectConfigurationPlatforms) = postSolution
		{B73D348A-CA58-49ED-A489-6441796BD4ED}.Debug|Any CPU.ActiveCfg = Debug|Any CPU
		{B73D348A-CA58-49ED-A489-6441796BD4ED}.Debug|Any CPU.Build.0 = Debug|Any CPU
		{B73D348A-CA58-49ED-A489-6441796BD4ED}.Release|Any CPU.ActiveCfg = Release|Any CPU
		{B73D348A-CA58-49ED-A489-6441796BD4ED}.Release|Any CPU.Build.0 = Release|Any CPU
	EndGlobalSection
	GlobalSection(SolutionProperties) = preSolution
		HideSolutionNode = FALSE
	EndGlobalSection
	GlobalSection(ExtensibilityGlobals) = postSolution
		SolutionGuid = {0A6755D5-7751-4143-A974-869AC28D0406}
	EndGlobalSection
EndGlobal
